{
  "name": "fb-tag-web",
  "lockfileVersion": 3,
  "requires": true,
  "packages": {
    "": {
      "devDependencies": {
        "stape-gtm-api-types": "^0.1.1",
        "uglify-js": "^3.19.3"
      }
    },
    "node_modules/stape-gtm-api-types": {
      "version": "0.1.1",
      "resolved": "https://registry.npmjs.org/stape-gtm-api-types/-/stape-gtm-api-types-0.1.1.tgz",
      "integrity": "sha512-ukePh5f4fCZ+HYw1tAovcsXyLOQcmGRU15RzHYdmGjGm/tKppZ/QS3P0rkQJqUIwMUWvzx+q6FDrJBlH4u4iHw==",
      "dev": true,
      "license": "Apache-2.0"
    },
    "node_modules/uglify-js": {
      "version": "3.19.3",
      "resolved": "https://registry.npmjs.org/uglify-js/-/uglify-js-3.19.3.tgz",
      "integrity": "sha512-v3Xu+yuwBXisp6QYTcH4UbH+xYJXqnq2m/LtQVWKWzYc1iehYnLixoQDN9FH6/j9/oybfd6W9Ghwkl8+UMKTKQ==",
      "dev": true,
      "license": "BSD-2-Clause",
      "bin": {
        "uglifyjs": "bin/uglifyjs"
      },
      "engines": {
        "node": ">=0.8.0"
      }
    }
  }
}
